{
    "_readme": [
        "This file locks the dependencies of your project to a known state",
        "Read more about it at https://getcomposer.org/doc/01-basic-usage.md#installing-dependencies",
        "This file is @generated automatically"
    ],
    "content-hash": "fd846796f89f8143422468ef66b24183",
    "packages": [
        {
            "name": "anthonybudd/wp_mail",
            "version": "v1.0",
            "source": {
                "type": "git",
                "url": "https://github.com/anthonybudd/WP_Mail.git",
                "reference": "218cc2cf79168b2465ba8784feccb15ebabb115c"
            },
            "dist": {
                "type": "zip",
                "url": "https://api.github.com/repos/anthonybudd/WP_Mail/zipball/218cc2cf79168b2465ba8784feccb15ebabb115c",
                "reference": "218cc2cf79168b2465ba8784feccb15ebabb115c",
                "shasum": ""
            },
            "type": "library",
            "autoload": {
                "files": [
                    "src/WP_Mail.php"
                ]
            },
            "notification-url": "https://packagist.org/downloads/",
            "authors": [
                {
                    "name": "Anthony Budd",
                    "email": "anthonybudd94@gmail.com"
                }
            ],
            "support": {
                "issues": "https://github.com/anthonybudd/WP_Mail/issues",
                "source": "https://github.com/anthonybudd/WP_Mail/tree/v1.0"
            },
            "time": "2017-05-16T11:19:12+00:00"
        }
    ],
    "packages-dev": [],
    "aliases": [],
    "minimum-stability": "dev",
    "stability-flags": [],
    "prefer-stable": true,
    "prefer-lowest": false,
    "platform": [],
    "platform-dev": [],
    "plugin-api-version": "2.3.0"
}
